
Microsoft Visual Studio Solution File, Format Version 12.00
# Visual Studio Version 16
VisualStudioVersion = 16.0.30225.117
MinimumVisualStudioVersion = 10.0.40219.1
Project("{2150E333-8FDC-42A3-9474-1A3956D46DE8}") = "Microservices", "Microservices", "{C64BBD02-C169-425A-A56C-684CA2C5A481}"
EndProject
Project("{2150E333-8FDC-42A3-9474-1A3956D46DE8}") = "Domain", "Domain", "{B8B62B0F-E36B-4877-9C0A-984611C06CEC}"
EndProject
Project("{2150E333-8FDC-42A3-9474-1A3956D46DE8}") = "Infra.Bus", "Infra.Bus", "{A821A06A-C612-4F62-9D40-99ECDDF2138C}"
EndProject
Project("{2150E333-8FDC-42A3-9474-1A3956D46DE8}") = "Infra.IoC", "Infra.IoC", "{69511845-2A2F-4316-9B52-D0E4669CDE5D}"
EndProject
Project("{2150E333-8FDC-42A3-9474-1A3956D46DE8}") = "Presentation", "Presentation", "{0E2AA330-1A9C-4329-A45D-F74DB6841FFE}"
EndProject
Project("{9A19103F-16F7-4668-BE54-9A1E7A4F7556}") = "MicroRabbit.Domain.Core", "MicroRabbit.Domain.Core\MicroRabbit.Domain.Core.csproj", "{FBEEE2E9-444B-4FCE-AD46-D4D7E11CCE10}"
EndProject
Project("{9A19103F-16F7-4668-BE54-9A1E7A4F7556}") = "MicroRabbit.Infra.Bus", "MicroRabbit.Infra.Bus\MicroRabbit.Infra.Bus.csproj", "{4E04E3BB-8E5D-4237-B9AF-36A39CBDF078}"
EndProject
Project("{FAE04EC0-301F-11D3-BF4B-00C04F79EFBC}") = "MicroRabbit.Infra.IoC", "MicroRabbit.Infra.IoC\MicroRabbit.Infra.IoC.csproj", "{1ADC7B53-F8C9-484E-8A1B-7090063F18E2}"
EndProject
Global
	GlobalSection(SolutionConfigurationPlatforms) = preSolution
		Debug|Any CPU = Debug|Any CPU
		Release|Any CPU = Release|Any CPU
	EndGlobalSection
	GlobalSection(ProjectConfigurationPlatforms) = postSolution
		{FBEEE2E9-444B-4FCE-AD46-D4D7E11CCE10}.Debug|Any CPU.ActiveCfg = Debug|Any CPU
		{FBEEE2E9-444B-4FCE-AD46-D4D7E11CCE10}.Debug|Any CPU.Build.0 = Debug|Any CPU
		{FBEEE2E9-444B-4FCE-AD46-D4D7E11CCE10}.Release|Any CPU.ActiveCfg = Release|Any CPU
		{FBEEE2E9-444B-4FCE-AD46-D4D7E11CCE10}.Release|Any CPU.Build.0 = Release|Any CPU
		{4E04E3BB-8E5D-4237-B9AF-36A39CBDF078}.Debug|Any CPU.ActiveCfg = Debug|Any CPU
		{4E04E3BB-8E5D-4237-B9AF-36A39CBDF078}.Debug|Any CPU.Build.0 = Debug|Any CPU
		{4E04E3BB-8E5D-4237-B9AF-36A39CBDF078}.Release|Any CPU.ActiveCfg = Release|Any CPU
		{4E04E3BB-8E5D-4237-B9AF-36A39CBDF078}.Release|Any CPU.Build.0 = Release|Any CPU
		{1ADC7B53-F8C9-484E-8A1B-7090063F18E2}.Debug|Any CPU.ActiveCfg = Debug|Any CPU
		{1ADC7B53-F8C9-484E-8A1B-7090063F18E2}.Debug|Any CPU.Build.0 = Debug|Any CPU
		{1ADC7B53-F8C9-484E-8A1B-7090063F18E2}.Release|Any CPU.ActiveCfg = Release|Any CPU
		{1ADC7B53-F8C9-484E-8A1B-7090063F18E2}.Release|Any CPU.Build.0 = Release|Any CPU
	EndGlobalSection
	GlobalSection(SolutionProperties) = preSolution
		HideSolutionNode = FALSE
	EndGlobalSection
	GlobalSection(NestedProjects) = preSolution
		{FBEEE2E9-444B-4FCE-AD46-D4D7E11CCE10} = {B8B62B0F-E36B-4877-9C0A-984611C06CEC}
		{4E04E3BB-8E5D-4237-B9AF-36A39CBDF078} = {A821A06A-C612-4F62-9D40-99ECDDF2138C}
		{1ADC7B53-F8C9-484E-8A1B-7090063F18E2} = {69511845-2A2F-4316-9B52-D0E4669CDE5D}
	EndGlobalSection
	GlobalSection(ExtensibilityGlobals) = postSolution
		SolutionGuid = {CC32D794-8839-4520-ADAB-E09A745B620E}
	EndGlobalSection
EndGlobal
